
Microsoft Visual Studio Solution File, Format Version 12.00
# Visual Studio Version 16
VisualStudioVersion = 16.0.30717.126
MinimumVisualStudioVersion = 10.0.40219.1
Project("{FAE04EC0-301F-11D3-BF4B-00C04F79EFBC}") = "Better Gambling", "Better Gambling\Better Gambling.csproj", "{9648E75D-0047-4EC6-8E6C-8396C8F60590}"
EndProject
Global
	GlobalSection(SolutionConfigurationPlatforms) = preSolution
		Debug|Any CPU = Debug|Any CPU
		Release|Any CPU = Release|Any CPU
	EndGlobalSection
	GlobalSection(ProjectConfigurationPlatforms) = postSolution
		{9648E75D-0047-4EC6-8E6C-8396C8F60590}.Debug|Any CPU.ActiveCfg = Debug|Any CPU
		{9648E75D-0047-4EC6-8E6C-8396C8F60590}.Debug|Any CPU.Build.0 = Debug|Any CPU
		{9648E75D-0047-4EC6-8E6C-8396C8F60590}.Release|Any CPU.ActiveCfg = Release|Any CPU
		{9648E75D-0047-4EC6-8E6C-8396C8F60590}.Release|Any CPU.Build.0 = Release|Any CPU
	EndGlobalSection
	GlobalSection(SolutionProperties) = preSolution
		HideSolutionNode = FALSE
	EndGlobalSection
	GlobalSection(ExtensibilityGlobals) = postSolution
		SolutionGuid = {FC8CCB6A-D9AA-48EF-9E31-541F7DD2E038}
	EndGlobalSection
EndGlobal
